
Microsoft Visual Studio Solution File, Format Version 12.00
# Visual Studio Version 17
VisualStudioVersion = 17.13.35913.81
MinimumVisualStudioVersion = 10.0.40219.1
Project("{FAE04EC0-301F-11D3-BF4B-00C04F79EFBC}") = "TPCAI", "TPCAI\TPCAI.csproj", "{023F8BE8-3E69-4609-86DA-9E3527CA761E}"
EndProject
Project("{FAE04EC0-301F-11D3-BF4B-00C04F79EFBC}") = "Capa de Negocios", "Capa de Negocios\Capa de Negocios.csproj", "{C145EE8B-9D42-4422-B10C-106F35BAD5DE}"
EndProject
Project("{FAE04EC0-301F-11D3-BF4B-00C04F79EFBC}") = "Datos", "Datos\Datos.csproj", "{F1EE3EA5-7A23-4A51-B2F9-63E74AA10B83}"
EndProject
Project("{FAE04EC0-301F-11D3-BF4B-00C04F79EFBC}") = "Persistencia", "Persistencia\Persistencia.csproj", "{201023A7-421D-4D3C-83A1-DDAA5FA4ECE8}"
EndProject
Global
	GlobalSection(SolutionConfigurationPlatforms) = preSolution
		Debug|Any CPU = Debug|Any CPU
		Release|Any CPU = Release|Any CPU
	EndGlobalSection
	GlobalSection(ProjectConfigurationPlatforms) = postSolution
		{023F8BE8-3E69-4609-86DA-9E3527CA761E}.Debug|Any CPU.ActiveCfg = Debug|Any CPU
		{023F8BE8-3E69-4609-86DA-9E3527CA761E}.Debug|Any CPU.Build.0 = Debug|Any CPU
		{023F8BE8-3E69-4609-86DA-9E3527CA761E}.Release|Any CPU.ActiveCfg = Release|Any CPU
		{023F8BE8-3E69-4609-86DA-9E3527CA761E}.Release|Any CPU.Build.0 = Release|Any CPU
		{C145EE8B-9D42-4422-B10C-106F35BAD5DE}.Debug|Any CPU.ActiveCfg = Debug|Any CPU
		{C145EE8B-9D42-4422-B10C-106F35BAD5DE}.Debug|Any CPU.Build.0 = Debug|Any CPU
		{C145EE8B-9D42-4422-B10C-106F35BAD5DE}.Release|Any CPU.ActiveCfg = Release|Any CPU
		{C145EE8B-9D42-4422-B10C-106F35BAD5DE}.Release|Any CPU.Build.0 = Release|Any CPU
		{F1EE3EA5-7A23-4A51-B2F9-63E74AA10B83}.Debug|Any CPU.ActiveCfg = Debug|Any CPU
		{F1EE3EA5-7A23-4A51-B2F9-63E74AA10B83}.Debug|Any CPU.Build.0 = Debug|Any CPU
		{F1EE3EA5-7A23-4A51-B2F9-63E74AA10B83}.Release|Any CPU.ActiveCfg = Release|Any CPU
		{F1EE3EA5-7A23-4A51-B2F9-63E74AA10B83}.Release|Any CPU.Build.0 = Release|Any CPU
		{201023A7-421D-4D3C-83A1-DDAA5FA4ECE8}.Debug|Any CPU.ActiveCfg = Debug|Any CPU
		{201023A7-421D-4D3C-83A1-DDAA5FA4ECE8}.Debug|Any CPU.Build.0 = Debug|Any CPU
		{201023A7-421D-4D3C-83A1-DDAA5FA4ECE8}.Release|Any CPU.ActiveCfg = Release|Any CPU
		{201023A7-421D-4D3C-83A1-DDAA5FA4ECE8}.Release|Any CPU.Build.0 = Release|Any CPU
	EndGlobalSection
	GlobalSection(SolutionProperties) = preSolution
		HideSolutionNode = FALSE
	EndGlobalSection
	GlobalSection(ExtensibilityGlobals) = postSolution
		SolutionGuid = {F3C1013C-6B2A-482D-A123-8E7B331E1253}
	EndGlobalSection
EndGlobal
